{
  "lockfileVersion": 1,
  "configVersion": 0,
  "workspaces": {
    "": {
      "name": "my-project",
      "dependencies": {
        "clsx": "^2.1.1",
        "firebase": "^12.15.0",
        "framer-motion": "^12.42.2",
        "lenis": "^1.3.23",
        "lucide-react": "^1.25.0",
        "next": "^16.2.10",
        "react": "^19.2.7",
        "react-dom": "^19.2.7",
        "tailwind-merge": "^3.3.1",
        "tw-animate-css": "^1.4.0",
      },
      "devDependencies": {
        "@tailwindcss/postcss": "^4.2.0",
        "@types/node": "^24",
        "@types/react": "^19",
        "@types/react-dom": "^19",
        "postcss": "^8.5",
        "tailwindcss": "^4.2.0",
        "typescript": "5.7.3",
      },
    },
  },
  "packages": {
    "@alloc/quick-lru": ["@alloc/quick-lru@5.2.0", "", {}, "sha512-UrcABB+4bUrFABwbluTIBErXwvbsU/V7TZWfmbgJfbkwiBuziS9gxdODUyuiecfdGQ85jglMW6juS3+z5TsKLw=="],

    "@emnapi/runtime": ["@emnapi/runtime@1.11.2", "", { "dependencies": { "tslib": "^2.4.0" } }, "sha512-kyOl3X0DuTiT1h2ft8r2fYO8JYtU9a9Xis/zBSiGArNaagCOWx90N1k2wxp18czFDH+OgcWGb5ZP/XMt3dcyPA=="],

    "@firebase/ai": ["@firebase/ai@2.13.1", "", { "dependencies": { "@firebase/app-check-interop-types": "0.3.4", "@firebase/component": "0.7.3", "@firebase/logger": "0.5.1", "@firebase/util": "1.15.1", "tslib": "^2.1.0" }, "peerDependencies": { "@firebase/app": "0.x", "@firebase/app-types": "0.x" } }, "sha512-RhT/VViTPBSplhQSuEp62HhLvfsV+LowMh8ZUo5MMRDzG7oFtSget4Kmg5oHP50hDVyWQuQj6to9iPFEZk08Tw=="],

    "@firebase/analytics": ["@firebase/analytics@0.10.22", "", { "dependencies": { "@firebase/component": "0.7.3", "@firebase/installations": "0.6.22", "@firebase/logger": "0.5.1", "@firebase/util": "1.15.1", "tslib": "^2.1.0" }, "peerDependencies": { "@firebase/app": "0.x" } }, "sha512-8BSaq/QRGU1+xyi8L2PTLTJU7MH9aMA72RQdIxrbhWFauOZY9OXo8f2YDN/972xA8d588tlnNVEQ2Mo69pT9Ow=="],

    "@firebase/analytics-compat": ["@firebase/analytics-compat@0.2.28", "", { "dependencies": { "@firebase/analytics": "0.10.22", "@firebase/analytics-types": "0.8.4", "@firebase/component": "0.7.3", "@firebase/util": "1.15.1", "tslib": "^2.1.0" }, "peerDependencies": { "@firebase/app-compat": "0.x" } }, "sha512-lIAlqUUbBu93FJMlQfslryQtBwwzdzvp23ePC6FNgymXk6Ook5v4Uvc0vdutvoIeqmyA3LfP0ZeRFK8+11kOOQ=="],

    "@firebase/analytics-types": ["@firebase/analytics-types@0.8.4", "", {}, "sha512-zQ+XTgkwH6CY/eUSHJRP7e4LxM30RCxlCmob5sy2axs25GE3Ny0XdgpDscMTHHQIGqWkxPXad4w2Mw9sCgT8zQ=="],

    "@firebase/app": ["@firebase/app@0.15.0", "", { "dependencies": { "@firebase/component": "0.7.3", "@firebase/logger": "0.5.1", "@firebase/util": "1.15.1", "idb": "7.1.1", "tslib": "^2.1.0" } }, "sha512-soIskolmGgbpi0K/MfrjtdpO1220qRCbXA4Z8Qx3lM+fVwA3q40m+OM+7zBHd2nuQCrLXb33L6Oc1aBH3Y26AQ=="],

    "@firebase/app-check": ["@firebase/app-check@0.12.0", "", { "dependencies": { "@firebase/component": "0.7.3", "@firebase/logger": "0.5.1", "@firebase/util": "1.15.1", "tslib": "^2.1.0" }, "peerDependencies": { "@firebase/app": "0.x" } }, "sha512-wMeT6HLWRAuW7Cp/5UjWBGKgjPNxWNOoNf4PRIv0weljoGMZVeqbUY7wNBWTI2/31cX1NlXx8gQruDLsUShB3Q=="],

    "@firebase/app-check-compat": ["@firebase/app-check-compat@0.4.5", "", { "dependencies": { "@firebase/app-check": "0.12.0", "@firebase/app-check-types": "0.5.4", "@firebase/component": "0.7.3", "@firebase/logger": "0.5.1", "@firebase/util": "1.15.1", "tslib": "^2.1.0" }, "peerDependencies": { "@firebase/app-compat": "0.x" } }, "sha512-JI17mVcZs34zO6ZeSCrw4U2iohqy+n6GIzkbmsA+TbVjmvFLkUKt3bs5M+qRBteQm/0IWzqSHYFzEQLzDTQebg=="],

    "@firebase/app-check-interop-types": ["@firebase/app-check-interop-types@0.3.4", "", {}, "sha512-zz3i6e13B8BfWiLy8MABtTh8aGIACgKbf9UVnyHcWs+yQzJXgQcl8A46b0zfaiJHdQ+niF0ouAfcpuf+3LMPQg=="],

    "@firebase/app-check-types": ["@firebase/app-check-types@0.5.4", "", {}, "sha512-xV7JsIyzVr15aA7f3Pi0rB9gdBuVubs89FGA8VkRYA4g0l78poADgdfrScgf7NndSg9mm7cR7PJyY0+t22KaGw=="],

    "@firebase/app-compat": ["@firebase/app-compat@0.5.14", "", { "dependencies": { "@firebase/app": "0.15.0", "@firebase/component": "0.7.3", "@firebase/logger": "0.5.1", "@firebase/util": "1.15.1", "tslib": "^2.1.0" } }, "sha512-rgFmiofYsdS9ZG/Bht3OBxJtPD3zWE1cffShWubEm+4+qZeyzCbmtb1q6jOEjN9fB7uufe4rQmWOPXouR3758Q=="],

    "@firebase/app-types": ["@firebase/app-types@0.9.5", "", { "dependencies": { "@firebase/logger": "0.5.1" } }, "sha512-YevqTjvo7Iujsa9Dwowmd6dSoElhzmD63ZSrq6bzjvQ6POjYgNjOFHLmNIgJs48eNO093NCERibuFnxbfOvU7A=="],

    "@firebase/auth": ["@firebase/auth@1.13.3", "", { "dependencies": { "@firebase/component": "0.7.3", "@firebase/logger": "0.5.1", "@firebase/util": "1.15.1", "tslib": "^2.1.0" }, "peerDependencies": { "@firebase/app": "0.x", "@react-native-async-storage/async-storage": "^2.2.0 || ^3.0.0" }, "optionalPeers": ["@react-native-async-storage/async-storage"] }, "sha512-bqiq4uubDN2YyQkdvSWPQeJyXAv2O76ImF41En9b6UhV5JuBVYDoHYrrrE3NzIuGkpFMKagfhMRP4Vz6t+yQSQ=="],

    "@firebase/auth-compat": ["@firebase/auth-compat@0.6.8", "", { "dependencies": { "@firebase/auth": "1.13.3", "@firebase/auth-types": "0.13.1", "@firebase/component": "0.7.3", "@firebase/util": "1.15.1", "tslib": "^2.1.0" }, "peerDependencies": { "@firebase/app-compat": "0.x" } }, "sha512-llcBREUC4iSNKZ6rvwud7Oz9Q7aAWU6KuQLa6pdu7Q+QAQsy4JLw6yFgxwtmzabsgznHmmcsX2UjHLLzqUxi3Q=="],

    "@firebase/auth-interop-types": ["@firebase/auth-interop-types@0.2.5", "", {}, "sha512-1Li/YuBDBAXcKv7BzY4U28gontUmAaw53sYiqbaVOMCFb2lFKK/c3CGMUWqtwe7+TXrl3poWnTCL5umYBg85Eg=="],

    "@firebase/auth-types": ["@firebase/auth-types@0.13.1", "", { "peerDependencies": { "@firebase/app-types": "0.x", "@firebase/util": "1.x" } }, "sha512-0c1Mnid0uMDfGJHeUS4zfvBa4/CedJXotGy/n/NZJnBjwiJawt0ZYU+wH2VAVLiRCEfG2ncCkAX3yd1/2nrB7g=="],

    "@firebase/component": ["@firebase/component@0.7.3", "", { "dependencies": { "@firebase/util": "1.15.1", "tslib": "^2.1.0" } }, "sha512-wFofIaa2879ogD/WvkjYXJxRmfnL0scen6ORgaC3na1FNOR9ASIUANQdhqQcmWu/h77/pVHY7ch5flewa5Bcew=="],

    "@firebase/data-connect": ["@firebase/data-connect@0.7.1", "", { "dependencies": { "@firebase/auth-interop-types": "0.2.5", "@firebase/component": "0.7.3", "@firebase/logger": "0.5.1", "@firebase/util": "1.15.1", "tslib": "^2.1.0" }, "peerDependencies": { "@firebase/app": "0.x" } }, "sha512-2LbUU8mmSA63HknxQMmWHjpzuNLBKflvVwQc2tpoVKg0biWleNEJX031ELks0vzFs+dDjOUkCJR72RP6mQHFOg=="],

    "@firebase/database": ["@firebase/database@1.1.3", "", { "dependencies": { "@firebase/app-check-interop-types": "0.3.4", "@firebase/auth-interop-types": "0.2.5", "@firebase/component": "0.7.3", "@firebase/logger": "0.5.1", "@firebase/util": "1.15.1", "faye-websocket": "0.11.4", "tslib": "^2.1.0" } }, "sha512-XwWCa+E4TvNGpGwXrycLRNfdogADwFcvuhyow6wDWma9W54roaQIhe+4PM0KiLsIftBdSCGI7OKCXrdSRHbIhw=="],

    "@firebase/database-compat": ["@firebase/database-compat@2.1.4", "", { "dependencies": { "@firebase/component": "0.7.3", "@firebase/database": "1.1.3", "@firebase/database-types": "1.0.20", "@firebase/logger": "0.5.1", "@firebase/util": "1.15.1", "tslib": "^2.1.0" } }, "sha512-3pK35F1MAgmqFJQlf2nhQl44vtAXQO1uaCaQOEUI9kCRtLFqi7N+QRKR7lFZPg+xIZIyubgxQaxY69YgfZRZWg=="],

    "@firebase/database-types": ["@firebase/database-types@1.0.20", "", { "dependencies": { "@firebase/app-types": "0.9.5", "@firebase/util": "1.15.1" } }, "sha512-kegbOk/w8iU64pr0q6k2ItyNGjnQBMHFhwS7ohdWI4W+pc0/zhhdGXTdFj6X1oxItRjPoYOsSQmERgBkn/ihxw=="],

    "@firebase/firestore": ["@firebase/firestore@4.16.0", "", { "dependencies": { "@firebase/component": "0.7.3", "@firebase/logger": "0.5.1", "@firebase/util": "1.15.1", "@firebase/webchannel-wrapper": "1.0.6", "@grpc/grpc-js": "~1.9.0", "@grpc/proto-loader": "^0.7.8", "re2js": "^0.4.2", "tslib": "^2.1.0" }, "peerDependencies": { "@firebase/app": "0.x" } }, "sha512-qdHMHMvMr0nRMuZyWNR/ArWa0YlPE3C4eAbmxTASJMYXAesKPL0Y54p70moggrNPzaK7MSIIq5RDJJyntQyIYA=="],

    "@firebase/firestore-compat": ["@firebase/firestore-compat@0.4.11", "", { "dependencies": { "@firebase/component": "0.7.3", "@firebase/firestore": "4.16.0", "@firebase/firestore-types": "3.0.4", "@firebase/util": "1.15.1", "tslib": "^2.1.0" }, "peerDependencies": { "@firebase/app-compat": "0.x" } }, "sha512-W7o1WdwWq5aABK5Up2ncSvTQs/QGLR/fy7cVpFBNqhsXtxoMtflHf2xBIG6+aoptcuGAobddq4g2Sq27wqHaYw=="],

    "@firebase/firestore-types": ["@firebase/firestore-types@3.0.4", "", { "peerDependencies": { "@firebase/app-types": "0.x", "@firebase/util": "1.x" } }, "sha512-jGn+JSS4X9zZsrfu7Yw66v5YRdOLD1oyQh4USR0xWl4CUqV/DA6bNIXRPpxH/cUl3iVTNiP6MN7g+EL42A4qfA=="],

    "@firebase/functions": ["@firebase/functions@0.13.5", "", { "dependencies": { "@firebase/app-check-interop-types": "0.3.4", "@firebase/auth-interop-types": "0.2.5", "@firebase/component": "0.7.3", "@firebase/messaging-interop-types": "0.2.5", "@firebase/util": "1.15.1", "tslib": "^2.1.0" }, "peerDependencies": { "@firebase/app": "0.x" } }, "sha512-bWCx713f4kE/uFV7gdFOLBS7lDoiZj48MRkbAqe35gkXcCeWF4QjRNO07Jhmve7EJIoQOBczL29y2r8VRuN1kw=="],

    "@firebase/functions-compat": ["@firebase/functions-compat@0.4.5", "", { "dependencies": { "@firebase/component": "0.7.3", "@firebase/functions": "0.13.5", "@firebase/functions-types": "0.6.4", "@firebase/util": "1.15.1", "tslib": "^2.1.0" }, "peerDependencies": { "@firebase/app-compat": "0.x" } }, "sha512-10qlUXGY25G5/1g9UihqksPp2po+ZqSE7LEizsrdUP7vrTmkysXxGSZCDyojSEp6mQe/ecRDdDDI+z4XRdb4wQ=="],

    "@firebase/functions-types": ["@firebase/functions-types@0.6.4", "", {}, "sha512-zV6kgqtduR4rUAdC/ilS7kmb93XD7bEZoJDlVBZqlOw2uGGGCNBQBuleww2rr0Ulr3L9o2TDjumEt68/l1f9DQ=="],

    "@firebase/installations": ["@firebase/installations@0.6.22", "", { "dependencies": { "@firebase/component": "0.7.3", "@firebase/util": "1.15.1", "idb": "7.1.1", "tslib": "^2.1.0" }, "peerDependencies": { "@firebase/app": "0.x" } }, "sha512-ef6nn3GGQTdReCfotRMG77PJZu8CqEbiK5pEoBnM0gTu/Z9v0i/az2p3HABsa/1beQmmyh1OsOjf7P5+pgwdZw=="],

    "@firebase/installations-compat": ["@firebase/installations-compat@0.2.22", "", { "dependencies": { "@firebase/component": "0.7.3", "@firebase/installations": "0.6.22", "@firebase/installations-types": "0.5.4", "@firebase/util": "1.15.1", "tslib": "^2.1.0" }, "peerDependencies": { "@firebase/app-compat": "0.x" } }, "sha512-C/zpAuTP5S9OgKSPvXRupw3hoY/JZSlA1wFjD/Sb7LIQE0FNbcMdO8Y4KXVEkjVzma/DDDDIAzxEXqKMAzc88w=="],

    "@firebase/installations-types": ["@firebase/installations-types@0.5.4", "", { "peerDependencies": { "@firebase/app-types": "0.x" } }, "sha512-U2eFapdHwjb43Vx9o+Pmj4dFfvcHEK1IirEFLqMtWrTHvmdrS3gBpBD1kmJk/9HjsOtoHZxJ2Paoe79e+L1ZPg=="],

    "@firebase/logger": ["@firebase/logger@0.5.1", "", { "dependencies": { "tslib": "^2.1.0" } }, "sha512-vZKLsqE1ABOy8OjQiE7cUTFn4gvaqlk88yp8N94Pk/sDpq61YqZGqmVFZTvOyflTwuYFcWirBdYGoJgbDaXKYQ=="],

    "@firebase/messaging": ["@firebase/messaging@0.13.0", "", { "dependencies": { "@firebase/component": "0.7.3", "@firebase/installations": "0.6.22", "@firebase/messaging-interop-types": "0.2.5", "@firebase/util": "1.15.1", "idb": "7.1.1", "tslib": "^2.1.0" }, "peerDependencies": { "@firebase/app": "0.x" } }, "sha512-GZoo0uGRvEbszo83xcgbjJp4FpkmBEr4l8Z4hi8gl+P1Spn/MTK3HapanMzSX4yUHuTEiF5hasWRxOaz+o5sxQ=="],

    "@firebase/messaging-compat": ["@firebase/messaging-compat@0.2.27", "", { "dependencies": { "@firebase/component": "0.7.3", "@firebase/messaging": "0.13.0", "@firebase/util": "1.15.1", "tslib": "^2.1.0" }, "peerDependencies": { "@firebase/app-compat": "0.x" } }, "sha512-JNOiu1PPgdHzEPEtoFiNxQuu0x9bm4bfETSQCpGfcTlgWkhlSK7uh7nlsjC10TQLUNgYetLmuutaYTh8aeYLVA=="],

    "@firebase/messaging-interop-types": ["@firebase/messaging-interop-types@0.2.5", "", {}, "sha512-tUEKnaAP2Y/MNIqgnriPpV6e5l13Vs/+p2yrd6NGlncPJT9O3a8muYZtdnWe+IJ4fgKLHJVC79n/asxk/N5Msw=="],

    "@firebase/performance": ["@firebase/performance@0.7.12", "", { "dependencies": { "@firebase/component": "0.7.3", "@firebase/installations": "0.6.22", "@firebase/logger": "0.5.1", "@firebase/util": "1.15.1", "tslib": "^2.1.0", "web-vitals": "^4.2.4" }, "peerDependencies": { "@firebase/app": "0.x" } }, "sha512-fe7nV8teUU3OBHlMUZ9Lw4gLhCW2k4m5Uc3pfWGV+fl8uwJQBGp9Q3lqsJ+HSrFu3Q2pJyLAgrClPGSKyDeYgQ=="],

    "@firebase/performance-compat": ["@firebase/performance-compat@0.2.25", "", { "dependencies": { "@firebase/component": "0.7.3", "@firebase/logger": "0.5.1", "@firebase/performance": "0.7.12", "@firebase/performance-types": "0.2.4", "@firebase/util": "1.15.1", "tslib": "^2.1.0" }, "peerDependencies": { "@firebase/app-compat": "0.x" } }, "sha512-q6NjTXpIPoFuUmCmMN/maCdTgzT6aExs9xZo+PxfVLj6uLVGvpyAD6XWjmcrb7jChsFBYbq7E5dyNDF7Zhy9kA=="],

    "@firebase/performance-types": ["@firebase/performance-types@0.2.4", "", {}, "sha512-kJSEk7b0uhpcPRyL4SQ/GPujLqk52XNKcXlnsKDbWGAb9vugcLvOU3u6zfEdwd+d8hWJb5S5ZizV1JFFI0nkKg=="],

    "@firebase/remote-config": ["@firebase/remote-config@0.8.5", "", { "dependencies": { "@firebase/component": "0.7.3", "@firebase/installations": "0.6.22", "@firebase/logger": "0.5.1", "@firebase/util": "1.15.1", "tslib": "^2.1.0" }, "peerDependencies": { "@firebase/app": "0.x" } }, "sha512-zb+7CDGFP2wYVF1LXQoYIFdoESIQM3p0+uiW1welw8+zvDxAL50K75PKTXXtunJADUrksTVpV7mD0pn54vzJRA=="],

    "@firebase/remote-config-compat": ["@firebase/remote-config-compat@0.2.26", "", { "dependencies": { "@firebase/component": "0.7.3", "@firebase/logger": "0.5.1", "@firebase/remote-config": "0.8.5", "@firebase/remote-config-types": "0.5.1", "@firebase/util": "1.15.1", "tslib": "^2.1.0" }, "peerDependencies": { "@firebase/app-compat": "0.x" } }, "sha512-uC57Tc7GYYOCnMgLkGIVf999XlaYaPDONoa54c93YTKDctlvCZI89z0zQ2RbhGR8Zf+QuCbQHs/99vqoE84a7g=="],

    "@firebase/remote-config-types": ["@firebase/remote-config-types@0.5.1", "", {}, "sha512-cX/1LT6KQwkXzck2eSzeKnuvXZCyr8qaPpDcikoJs7jmI+oBOXixpDLeDtWj1U6GNMkIoXrEDNoyT2Ypcyp5/A=="],

    "@firebase/storage": ["@firebase/storage@0.14.3", "", { "dependencies": { "@firebase/component": "0.7.3", "@firebase/util": "1.15.1", "tslib": "^2.1.0" }, "peerDependencies": { "@firebase/app": "0.x" } }, "sha512-YX4/YL6P6/fufSSeGnVhjWddcIXbFq2cWIhMKFTZo1E/Rtcl2mJj/BYUQTwJfcE1Tl8un1FOya4L05jcSLN/Eg=="],

    "@firebase/storage-compat": ["@firebase/storage-compat@0.4.3", "", { "dependencies": { "@firebase/component": "0.7.3", "@firebase/storage": "0.14.3", "@firebase/storage-types": "0.8.4", "@firebase/util": "1.15.1", "tslib": "^2.1.0" }, "peerDependencies": { "@firebase/app-compat": "0.x" } }, "sha512-gruVqjtUGX8tEoeNbaWXZm0Zfcfcb7fvmDmBxV8yPAbWvExRnZYLO2+qw9idxNE7BvPXt5csyjSYHy//dAizxw=="],

    "@firebase/storage-types": ["@firebase/storage-types@0.8.4", "", { "peerDependencies": { "@firebase/app-types": "0.x", "@firebase/util": "1.x" } }, "sha512-BT7cwxJOx8SWwlQfrlC+bD/Sk3Cw+1odCi8UZNFNWTVZoPsBnA5W+mqtZzVnvsdJpXCFGSGQ7R7vOR6dtM/BRA=="],

    "@firebase/util": ["@firebase/util@1.15.1", "", { "dependencies": { "tslib": "^2.1.0" } }, "sha512-LUdM4Wg7YM9Pq/49nGYySJA0CSQEKnGffFzWV8+6gXN7mGxn+FL1IqvFbuZUtAQcfZgHYDwCE1wwlK7rB7gl2g=="],

    "@firebase/webchannel-wrapper": ["@firebase/webchannel-wrapper@1.0.6", "", {}, "sha512-Vr/Mqu79dMwGRAyGbJ4uN4+BtXB3/mRTdzetD1daWNeG8QaWuzhhbG77GltO5c0yYmYls8i250iX73624GJd7Q=="],

    "@grpc/grpc-js": ["@grpc/grpc-js@1.9.16", "", { "dependencies": { "@grpc/proto-loader": "^0.7.8", "@types/node": ">=12.12.47" } }, "sha512-wE4Ut/olIzfKqp631XrG+wbF0v1vWFN4YL9FyXC2LJiG33DsV7PLzURjrCvY/6je2ntdRkeLpPDluzSRGaVltQ=="],

    "@grpc/proto-loader": ["@grpc/proto-loader@0.7.15", "", { "dependencies": { "lodash.camelcase": "^4.3.0", "long": "^5.0.0", "protobufjs": "^7.2.5", "yargs": "^17.7.2" }, "bin": { "proto-loader-gen-types": "build/bin/proto-loader-gen-types.js" } }, "sha512-tMXdRCfYVixjuFK+Hk0Q1s38gV9zDiDJfWL3h1rv4Qc39oILCu1TRTDt7+fGUI8K4G1Fj125Hx/ru3azECWTyQ=="],

    "@img/colour": ["@img/colour@1.1.0", "", {}, "sha512-Td76q7j57o/tLVdgS746cYARfSyxk8iEfRxewL9h4OMzYhbW4TAcppl0mT4eyqXddh6L/jwoM75mo7ixa/pCeQ=="],

    "@img/sharp-darwin-arm64": ["@img/sharp-darwin-arm64@0.34.5", "", { "optionalDependencies": { "@img/sharp-libvips-darwin-arm64": "1.2.4" }, "os": "darwin", "cpu": "arm64" }, "sha512-imtQ3WMJXbMY4fxb/Ndp6HBTNVtWCUI0WdobyheGf5+ad6xX8VIDO8u2xE4qc/fr08CKG/7dDseFtn6M6g/r3w=="],

    "@img/sharp-darwin-x64": ["@img/sharp-darwin-x64@0.34.5", "", { "optionalDependencies": { "@img/sharp-libvips-darwin-x64": "1.2.4" }, "os": "darwin", "cpu": "x64" }, "sha512-YNEFAF/4KQ/PeW0N+r+aVVsoIY0/qxxikF2SWdp+NRkmMB7y9LBZAVqQ4yhGCm/H3H270OSykqmQMKLBhBJDEw=="],

    "@img/sharp-libvips-darwin-arm64": ["@img/sharp-libvips-darwin-arm64@1.2.4", "", { "os": "darwin", "cpu": "arm64" }, "sha512-zqjjo7RatFfFoP0MkQ51jfuFZBnVE2pRiaydKJ1G/rHZvnsrHAOcQALIi9sA5co5xenQdTugCvtb1cuf78Vf4g=="],

    "@img/sharp-libvips-darwin-x64": ["@img/sharp-libvips-darwin-x64@1.2.4", "", { "os": "darwin", "cpu": "x64" }, "sha512-1IOd5xfVhlGwX+zXv2N93k0yMONvUlANylbJw1eTah8K/Jtpi15KC+WSiaX/nBmbm2HxRM1gZ0nSdjSsrZbGKg=="],

    "@img/sharp-libvips-linux-arm": ["@img/sharp-libvips-linux-arm@1.2.4", "", { "os": "linux", "cpu": "arm" }, "sha512-bFI7xcKFELdiNCVov8e44Ia4u2byA+l3XtsAj+Q8tfCwO6BQ8iDojYdvoPMqsKDkuoOo+X6HZA0s0q11ANMQ8A=="],

    "@img/sharp-libvips-linux-arm64": ["@img/sharp-libvips-linux-arm64@1.2.4", "", { "os": "linux", "cpu": "arm64" }, "sha512-excjX8DfsIcJ10x1Kzr4RcWe1edC9PquDRRPx3YVCvQv+U5p7Yin2s32ftzikXojb1PIFc/9Mt28/y+iRklkrw=="],

    "@img/sharp-libvips-linux-ppc64": ["@img/sharp-libvips-linux-ppc64@1.2.4", "", { "os": "linux", "cpu": "ppc64" }, "sha512-FMuvGijLDYG6lW+b/UvyilUWu5Ayu+3r2d1S8notiGCIyYU/76eig1UfMmkZ7vwgOrzKzlQbFSuQfgm7GYUPpA=="],

    "@img/sharp-libvips-linux-riscv64": ["@img/sharp-libvips-linux-riscv64@1.2.4", "", { "os": "linux", "cpu": "none" }, "sha512-oVDbcR4zUC0ce82teubSm+x6ETixtKZBh/qbREIOcI3cULzDyb18Sr/Wcyx7NRQeQzOiHTNbZFF1UwPS2scyGA=="],

    "@img/sharp-libvips-linux-s390x": ["@img/sharp-libvips-linux-s390x@1.2.4", "", { "os": "linux", "cpu": "s390x" }, "sha512-qmp9VrzgPgMoGZyPvrQHqk02uyjA0/QrTO26Tqk6l4ZV0MPWIW6LTkqOIov+J1yEu7MbFQaDpwdwJKhbJvuRxQ=="],

    "@img/sharp-libvips-linux-x64": ["@img/sharp-libvips-linux-x64@1.2.4", "", { "os": "linux", "cpu": "x64" }, "sha512-tJxiiLsmHc9Ax1bz3oaOYBURTXGIRDODBqhveVHonrHJ9/+k89qbLl0bcJns+e4t4rvaNBxaEZsFtSfAdquPrw=="],

    "@img/sharp-libvips-linuxmusl-arm64": ["@img/sharp-libvips-linuxmusl-arm64@1.2.4", "", { "os": "linux", "cpu": "arm64" }, "sha512-FVQHuwx1IIuNow9QAbYUzJ+En8KcVm9Lk5+uGUQJHaZmMECZmOlix9HnH7n1TRkXMS0pGxIJokIVB9SuqZGGXw=="],

    "@img/sharp-libvips-linuxmusl-x64": ["@img/sharp-libvips-linuxmusl-x64@1.2.4", "", { "os": "linux", "cpu": "x64" }, "sha512-+LpyBk7L44ZIXwz/VYfglaX/okxezESc6UxDSoyo2Ks6Jxc4Y7sGjpgU9s4PMgqgjj1gZCylTieNamqA1MF7Dg=="],

    "@img/sharp-linux-arm": ["@img/sharp-linux-arm@0.34.5", "", { "optionalDependencies": { "@img/sharp-libvips-linux-arm": "1.2.4" }, "os": "linux", "cpu": "arm" }, "sha512-9dLqsvwtg1uuXBGZKsxem9595+ujv0sJ6Vi8wcTANSFpwV/GONat5eCkzQo/1O6zRIkh0m/8+5BjrRr7jDUSZw=="],

    "@img/sharp-linux-arm64": ["@img/sharp-linux-arm64@0.34.5", "", { "optionalDependencies": { "@img/sharp-libvips-linux-arm64": "1.2.4" }, "os": "linux", "cpu": "arm64" }, "sha512-bKQzaJRY/bkPOXyKx5EVup7qkaojECG6NLYswgktOZjaXecSAeCWiZwwiFf3/Y+O1HrauiE3FVsGxFg8c24rZg=="],

    "@img/sharp-linux-ppc64": ["@img/sharp-linux-ppc64@0.34.5", "", { "optionalDependencies": { "@img/sharp-libvips-linux-ppc64": "1.2.4" }, "os": "linux", "cpu": "ppc64" }, "sha512-7zznwNaqW6YtsfrGGDA6BRkISKAAE1Jo0QdpNYXNMHu2+0dTrPflTLNkpc8l7MUP5M16ZJcUvysVWWrMefZquA=="],

    "@img/sharp-linux-riscv64": ["@img/sharp-linux-riscv64@0.34.5", "", { "optionalDependencies": { "@img/sharp-libvips-linux-riscv64": "1.2.4" }, "os": "linux", "cpu": "none" }, "sha512-51gJuLPTKa7piYPaVs8GmByo7/U7/7TZOq+cnXJIHZKavIRHAP77e3N2HEl3dgiqdD/w0yUfiJnII77PuDDFdw=="],

    "@img/sharp-linux-s390x": ["@img/sharp-linux-s390x@0.34.5", "", { "optionalDependencies": { "@img/sharp-libvips-linux-s390x": "1.2.4" }, "os": "linux", "cpu": "s390x" }, "sha512-nQtCk0PdKfho3eC5MrbQoigJ2gd1CgddUMkabUj+rBevs8tZ2cULOx46E7oyX+04WGfABgIwmMC0VqieTiR4jg=="],

    "@img/sharp-linux-x64": ["@img/sharp-linux-x64@0.34.5", "", { "optionalDependencies": { "@img/sharp-libvips-linux-x64": "1.2.4" }, "os": "linux", "cpu": "x64" }, "sha512-MEzd8HPKxVxVenwAa+JRPwEC7QFjoPWuS5NZnBt6B3pu7EG2Ge0id1oLHZpPJdn3OQK+BQDiw9zStiHBTJQQQQ=="],

    "@img/sharp-linuxmusl-arm64": ["@img/sharp-linuxmusl-arm64@0.34.5", "", { "optionalDependencies": { "@img/sharp-libvips-linuxmusl-arm64": "1.2.4" }, "os": "linux", "cpu": "arm64" }, "sha512-fprJR6GtRsMt6Kyfq44IsChVZeGN97gTD331weR1ex1c1rypDEABN6Tm2xa1wE6lYb5DdEnk03NZPqA7Id21yg=="],

    "@img/sharp-linuxmusl-x64": ["@img/sharp-linuxmusl-x64@0.34.5", "", { "optionalDependencies": { "@img/sharp-libvips-linuxmusl-x64": "1.2.4" }, "os": "linux", "cpu": "x64" }, "sha512-Jg8wNT1MUzIvhBFxViqrEhWDGzqymo3sV7z7ZsaWbZNDLXRJZoRGrjulp60YYtV4wfY8VIKcWidjojlLcWrd8Q=="],

    "@img/sharp-wasm32": ["@img/sharp-wasm32@0.34.5", "", { "dependencies": { "@emnapi/runtime": "^1.7.0" }, "cpu": "none" }, "sha512-OdWTEiVkY2PHwqkbBI8frFxQQFekHaSSkUIJkwzclWZe64O1X4UlUjqqqLaPbUpMOQk6FBu/HtlGXNblIs0huw=="],

    "@img/sharp-win32-arm64": ["@img/sharp-win32-arm64@0.34.5", "", { "os": "win32", "cpu": "arm64" }, "sha512-WQ3AgWCWYSb2yt+IG8mnC6Jdk9Whs7O0gxphblsLvdhSpSTtmu69ZG1Gkb6NuvxsNACwiPV6cNSZNzt0KPsw7g=="],

    "@img/sharp-win32-ia32": ["@img/sharp-win32-ia32@0.34.5", "", { "os": "win32", "cpu": "ia32" }, "sha512-FV9m/7NmeCmSHDD5j4+4pNI8Cp3aW+JvLoXcTUo0IqyjSfAZJ8dIUmijx1qaJsIiU+Hosw6xM5KijAWRJCSgNg=="],

    "@img/sharp-win32-x64": ["@img/sharp-win32-x64@0.34.5", "", { "os": "win32", "cpu": "x64" }, "sha512-+29YMsqY2/9eFEiW93eqWnuLcWcufowXewwSNIT6UwZdUUCrM3oFjMWH/Z6/TMmb4hlFenmfAVbpWeup2jryCw=="],

    "@jridgewell/gen-mapping": ["@jridgewell/gen-mapping@0.3.13", "", { "dependencies": { "@jridgewell/sourcemap-codec": "^1.5.0", "@jridgewell/trace-mapping": "^0.3.24" } }, "sha512-2kkt/7niJ6MgEPxF0bYdQ6etZaA+fQvDcLKckhy1yIQOzaoKjBBjSj63/aLVjYE3qhRt5dvM+uUyfCg6UKCBbA=="],

    "@jridgewell/remapping": ["@jridgewell/remapping@2.3.5", "", { "dependencies": { "@jridgewell/gen-mapping": "^0.3.5", "@jridgewell/trace-mapping": "^0.3.24" } }, "sha512-LI9u/+laYG4Ds1TDKSJW2YPrIlcVYOwi2fUC6xB43lueCjgxV4lffOCZCtYFiH6TNOX+tQKXx97T4IKHbhyHEQ=="],

    "@jridgewell/resolve-uri": ["@jridgewell/resolve-uri@3.1.2", "", {}, "sha512-bRISgCIjP20/tbWSPWMEi54QVPRZExkuD9lJL+UIxUKtwVJA8wW1Trb1jMs1RFXo1CBTNZ/5hpC9QvmKWdopKw=="],

    "@jridgewell/sourcemap-codec": ["@jridgewell/sourcemap-codec@1.5.5", "", {}, "sha512-cYQ9310grqxueWbl+WuIUIaiUaDcj7WOq5fVhEljNVgRfOUhY9fy2zTvfoqWsnebh8Sl70VScFbICvJnLKB0Og=="],

    "@jridgewell/trace-mapping": ["@jridgewell/trace-mapping@0.3.31", "", { "dependencies": { "@jridgewell/resolve-uri": "^3.1.0", "@jridgewell/sourcemap-codec": "^1.4.14" } }, "sha512-zzNR+SdQSDJzc8joaeP8QQoCQr8NuYx2dIIytl1QeBEZHJ9uW6hebsrYgbz8hJwUQao3TWCMtmfV8Nu1twOLAw=="],

    "@next/env": ["@next/env@16.2.10", "", {}, "sha512-zLPxg9M0MEHmygpj5OuxjQ+vHMiy/K7cSp74G8ecYolmgUWw0RwN02tF56npup/+qaI8JB97hQgS/r2Hb6QwVA=="],

    "@next/swc-darwin-arm64": ["@next/swc-darwin-arm64@16.2.10", "", { "os": "darwin", "cpu": "arm64" }, "sha512-v9IdJCa0H0mbo+8z5zwUpOk1Vj7RjkcI5uNYf5Ws1y6szf/p3Mzl9hLaST8SCt6L9h8NGnruZcd2+o0NTNwDhA=="],

    "@next/swc-darwin-x64": ["@next/swc-darwin-x64@16.2.10", "", { "os": "darwin", "cpu": "x64" }, "sha512-17IS0jJRViROGmA9uGdNR8VPJpfbnaVG7E9qhso5jDLkmyd0lSDORWxbcKINzcFqzZqGwGtMSnrFRxBpuUYjLQ=="],

    "@next/swc-linux-arm64-gnu": ["@next/swc-linux-arm64-gnu@16.2.10", "", { "os": "linux", "cpu": "arm64" }, "sha512-GRQRsRtuciNJvB54AvvuQTiq0oZtFwa1owQqtZD8wwnGpM2L39MV22kpI72YSXLKIyY40LC66EiLFv4PiicXxg=="],

    "@next/swc-linux-arm64-musl": ["@next/swc-linux-arm64-musl@16.2.10", "", { "os": "linux", "cpu": "arm64" }, "sha512-zkN9MQYS7UQBro+FnISUq1itaQjXI9xqISzuQ+2bc921NcJ1x4yPCqrn77tVN6/dOOXaaWVX3k6/bR07pPwK+A=="],

    "@next/swc-linux-x64-gnu": ["@next/swc-linux-x64-gnu@16.2.10", "", { "os": "linux", "cpu": "x64" }, "sha512-iCVJnwvrPYECvA6WM/7+oo+OiTvedIKLxtCLAZP4xZR3nXa1zmzZyLPbYCmWvpd4CvMYF1EMTafd0ii3DygLvA=="],

    "@next/swc-linux-x64-musl": ["@next/swc-linux-x64-musl@16.2.10", "", { "os": "linux", "cpu": "x64" }, "sha512-ov2g4H0dHY9bPoOU83m91hWT7Iq5qy13bUnyyshLU3HGR1Ownn0X9QpmDPc5iIUaahTp7f7LeGAhV4DSFtackw=="],

    "@next/swc-win32-arm64-msvc": ["@next/swc-win32-arm64-msvc@16.2.10", "", { "os": "win32", "cpu": "arm64" }, "sha512-DwAnhLX76HQiFFQNgWlcK+JzlnD1rZ+UK/WY0ZMI/deXpvgnesjNYrqcfo1JzBuz4Kf7o3brIBL0glI1junatA=="],

    "@next/swc-win32-x64-msvc": ["@next/swc-win32-x64-msvc@16.2.10", "", { "os": "win32", "cpu": "x64" }, "sha512-0JXq3b85Jk9Jg4ntLUbXSPvoDw3gpZou7twuKdoFG2jOw635v7+IiXfTaa0TxVMyx78pUjnrVYwLgjKfX4e6/A=="],

    "@protobufjs/aspromise": ["@protobufjs/aspromise@1.1.2", "", {}, "sha512-j+gKExEuLmKwvz3OgROXtrJ2UG2x8Ch2YZUxahh+s1F2HZ+wAceUNLkvy6zKCPVRkU++ZWQrdxsUeQXmcg4uoQ=="],

    "@protobufjs/base64": ["@protobufjs/base64@1.1.2", "", {}, "sha512-AZkcAA5vnN/v4PDqKyMR5lx7hZttPDgClv83E//FMNhR2TMcLUhfRUBHCmSl0oi9zMgDDqRUJkSxO3wm85+XLg=="],

    "@protobufjs/codegen": ["@protobufjs/codegen@2.0.5", "", {}, "sha512-zgXFLzW3Ap33e6d0Wlj4MGIm6Ce8O89n/apUaGNB/jx+hw+ruWEp7EwGUshdLKVRCxZW12fp9r40E1mQrf/34g=="],

    "@protobufjs/eventemitter": ["@protobufjs/eventemitter@1.1.1", "", {}, "sha512-vW1GmwMZNnL+gMRaovlh9yZX74kc+TTU3FObkkurpMaRtBfLP3ldjS9KQWlwZgraRE0+dheEEoAxdzcJQ8eXZg=="],

    "@protobufjs/fetch": ["@protobufjs/fetch@1.1.1", "", { "dependencies": { "@protobufjs/aspromise": "^1.1.1" } }, "sha512-GpptLrs57adMSuHi3VNj0mAF8dwh36LMaYF6XyJ6JMWlVsc+t42tm1HSEDmOs3A8fC9yyeisgLhsTVQokOZ0zw=="],

    "@protobufjs/float": ["@protobufjs/float@1.0.2", "", {}, "sha512-Ddb+kVXlXst9d+R9PfTIxh1EdNkgoRe5tOX6t01f1lYWOvJnSPDBlG241QLzcyPdoNTsblLUdujGSE4RzrTZGQ=="],

    "@protobufjs/path": ["@protobufjs/path@1.1.2", "", {}, "sha512-6JOcJ5Tm08dOHAbdR3GrvP+yUUfkjG5ePsHYczMFLq3ZmMkAD98cDgcT2iA1lJ9NVwFd4tH/iSSoe44YWkltEA=="],

    "@protobufjs/pool": ["@protobufjs/pool@1.1.0", "", {}, "sha512-0kELaGSIDBKvcgS4zkjz1PeddatrjYcmMWOlAuAPwAeccUrPHdUqo/J6LiymHHEiJT5NrF1UVwxY14f+fy4WQw=="],

    "@protobufjs/utf8": ["@protobufjs/utf8@1.1.1", "", {}, "sha512-oOAWABowe8EAbMyWKM0tYDKi8Yaox52D+HWZhAIJqQXbqe0xI/GV7FhLWqlEKreMkfDjshR5FKgi3mnle0h6Eg=="],

    "@swc/helpers": ["@swc/helpers@0.5.15", "", { "dependencies": { "tslib": "^2.8.0" } }, "sha512-JQ5TuMi45Owi4/BIMAJBoSQoOJu12oOk/gADqlcUL9JEdHB8vyjUSsxqeNXnmXHjYKMi2WcYtezGEEhqUI/E2g=="],

    "@tailwindcss/node": ["@tailwindcss/node@4.3.0", "", { "dependencies": { "@jridgewell/remapping": "^2.3.5", "enhanced-resolve": "^5.21.0", "jiti": "^2.6.1", "lightningcss": "1.32.0", "magic-string": "^0.30.21", "source-map-js": "^1.2.1", "tailwindcss": "4.3.0" } }, "sha512-aFb4gUhFOgdh9AXo4IzBEOzBkkAxm9VigwDJnMIYv3lcfXCJVesNfbEaBl4BNgVRyid92AmdviqwBUBRKSeY3g=="],

    "@tailwindcss/oxide": ["@tailwindcss/oxide@4.3.0", "", { "optionalDependencies": { "@tailwindcss/oxide-linux-x64-gnu": "4.3.0", "@tailwindcss/oxide-linux-x64-musl": "4.3.0" } }, "sha512-F7HZGBeN9I0/AuuJS5PwcD8xayx5ri5GhjYUDBEVYUkexyA/giwbDNjRVrxSezE3T250OU2K/wp/ltWx3UOefg=="],

    "@tailwindcss/oxide-linux-x64-gnu": ["@tailwindcss/oxide-linux-x64-gnu@4.3.0", "", { "os": "linux", "cpu": "x64" }, "sha512-DRNdQRpSGzRGfARVuVkxvM8Q12nh19l4BF/G7zGA1oe+9wcC6saFBHTISrpIcKzhiXtSrlSrluCfvMuledoCTQ=="],

    "@tailwindcss/oxide-linux-x64-musl": ["@tailwindcss/oxide-linux-x64-musl@4.3.0", "", { "os": "linux", "cpu": "x64" }, "sha512-Z0IADbDo8bh6I7h2IQMx601AdXBLfFpEdUotft86evd/8ZPflZe9COPO8Q1vw+pfLWIUo9zN/JGZvwuAJqduqg=="],

    "@tailwindcss/postcss": ["@tailwindcss/postcss@4.3.0", "", { "dependencies": { "@alloc/quick-lru": "^5.2.0", "@tailwindcss/node": "4.3.0", "@tailwindcss/oxide": "4.3.0", "postcss": "^8.5.10", "tailwindcss": "4.3.0" } }, "sha512-Jm05Tjx+9yCLGv5qw1c+84Psds8MnyrEQYCB+FFk2lgGiUjlRqdxke4mVTuYrj2xnVZqKim2Apr5ySuQRYAw/w=="],

    "@types/node": ["@types/node@24.13.2", "", { "dependencies": { "undici-types": "~7.18.0" } }, "sha512-fRa09kZTgu8o71KFcDjUFuc7F+dEbZYZmkI0mg5YBTRs0yMKjYHsq/c0urDKeDb+D5qVgXOdFcuu+DZPKOITwA=="],

    "@types/react": ["@types/react@19.2.17", "", { "dependencies": { "csstype": "^3.2.2" } }, "sha512-MXfmqaVPEVgkBT/aY0aGCkRWWtByiYQXo3xdQ8r5RzuFrPiRn8Gar2tQdXSUQ2GKV3bkXckek89V8wQBY2Q/Aw=="],

    "@types/react-dom": ["@types/react-dom@19.2.3", "", { "peerDependencies": { "@types/react": "^19.2.0" } }, "sha512-jp2L/eY6fn+KgVVQAOqYItbF0VY/YApe5Mz2F0aykSO8gx31bYCZyvSeYxCHKvzHG5eZjc+zyaS5BrBWya2+kQ=="],

    "ansi-regex": ["ansi-regex@5.0.1", "", {}, "sha512-quJQXlTSUGL2LH9SUXo8VwsY4soanhgo6LNSm84E1LBcE8s3O0wpdiRzyR9z/ZZJMlMWv37qOOb9pdJlMUEKFQ=="],

    "ansi-styles": ["ansi-styles@4.3.0", "", { "dependencies": { "color-convert": "^2.0.1" } }, "sha512-zbB9rCJAT1rbjiVDb2hqKFHNYLxgtk8NURxZ3IZwD3F6NtxbXZQCnnSi1Lkx+IDohdPlFp222wVALIheZJQSEg=="],

    "baseline-browser-mapping": ["baseline-browser-mapping@2.10.43", "", { "bin": "dist/cli.cjs" }, "sha512-AjYpR78kDWAY3Efj+cDTFH9t9SCoL7OoTp1BOb0mQV7S+6CiLwnWM3FyxhJtdPufDFKzmCSFoUncKjWgJEZTCQ=="],

    "caniuse-lite": ["caniuse-lite@1.0.30001797", "", {}, "sha512-l8xKG+gwAIExZGl9FrF7KUwuOmk6wbEPC9Xoy/RtnWv1XG0Q4LFlagaLpUv3Kiza3W/wm27zy0yWJEieYKAP6w=="],

    "client-only": ["client-only@0.0.1", "", {}, "sha512-IV3Ou0jSMzZrd3pZ48nLkT9DA7Ag1pnPzaiQhpW7c3RbcqqzvzzVu+L8gfqMp/8IM2MQtSiqaCxrrcfu8I8rMA=="],

    "cliui": ["cliui@8.0.1", "", { "dependencies": { "string-width": "^4.2.0", "strip-ansi": "^6.0.1", "wrap-ansi": "^7.0.0" } }, "sha512-BSeNnyus75C4//NQ9gQt1/csTXyo/8Sb+afLAkzAptFuMsod9HFokGNudZpi/oQV73hnVK+sR+5PVRMd+Dr7YQ=="],

    "clsx": ["clsx@2.1.1", "", {}, "sha512-eYm0QWBtUrBWZWG0d386OGAw16Z995PiOVo2B7bjWSbHedGl5e0ZWaq65kOGgUSNesEIDkB9ISbTg/JK9dhCZA=="],

    "color-convert": ["color-convert@2.0.1", "", { "dependencies": { "color-name": "~1.1.4" } }, "sha512-RRECPsj7iu/xb5oKYcsFHSppFNnsj/52OVTRKb4zP5onXwVF3zVmmToNcOfGC+CRDpfK/U584fMg38ZHCaElKQ=="],

    "color-name": ["color-name@1.1.4", "", {}, "sha512-dOy+3AuW3a2wNbZHIuMZpTcgjGuLU/uBL/ubcZF9OXbDo8ff4O8yVp5Bf0efS8uEoYo5q4Fx7dY9OgQGXgAsQA=="],

    "csstype": ["csstype@3.2.3", "", {}, "sha512-z1HGKcYy2xA8AGQfwrn0PAy+PB7X/GSj3UVJW9qKyn43xWa+gl5nXmU4qqLMRzWVLFC8KusUX8T/0kCiOYpAIQ=="],

    "detect-libc": ["detect-libc@2.1.2", "", {}, "sha512-Btj2BOOO83o3WyH59e8MgXsxEQVcarkUOpEYrubB0urwnN10yQ364rsiByU11nZlqWYZm05i/of7io4mzihBtQ=="],

    "emoji-regex": ["emoji-regex@8.0.0", "", {}, "sha512-MSjYzcWNOA0ewAHpz0MxpYFvwg6yjy1NG3xteoqz644VCo/RPgnr1/GGt+ic3iJTzQ8Eu3TdM14SawnVUmGE6A=="],

    "enhanced-resolve": ["enhanced-resolve@5.23.0", "", { "dependencies": { "graceful-fs": "^4.2.4", "tapable": "^2.3.3" } }, "sha512-yJN/BOOLxcOW2aQgeif9mSnaUB8KtvmMMp56oA1kx1CRfBKbhZm2pJ+NBY+3eOboHxix8lfjWpHE0Ei5U8RbSA=="],

    "escalade": ["escalade@3.2.0", "", {}, "sha512-WUj2qlxaQtO4g6Pq5c29GTcWGDyd8itL8zTlipgECz3JesAiiOKotd8JU6otB3PACgG6xkJUyVhboMS+bje/jA=="],

    "faye-websocket": ["faye-websocket@0.11.4", "", { "dependencies": { "websocket-driver": ">=0.5.1" } }, "sha512-CzbClwlXAuiRQAlUyfqPgvPoNKTckTPGfwZV4ZdAhVcP2lh9KUxJg2b5GkE7XbjKQ3YJnQ9z6D9ntLAlB+tP8g=="],

    "firebase": ["firebase@12.15.0", "", { "dependencies": { "@firebase/ai": "2.13.1", "@firebase/analytics": "0.10.22", "@firebase/analytics-compat": "0.2.28", "@firebase/app": "0.15.0", "@firebase/app-check": "0.12.0", "@firebase/app-check-compat": "0.4.5", "@firebase/app-compat": "0.5.14", "@firebase/app-types": "0.9.5", "@firebase/auth": "1.13.3", "@firebase/auth-compat": "0.6.8", "@firebase/data-connect": "0.7.1", "@firebase/database": "1.1.3", "@firebase/database-compat": "2.1.4", "@firebase/firestore": "4.16.0", "@firebase/firestore-compat": "0.4.11", "@firebase/functions": "0.13.5", "@firebase/functions-compat": "0.4.5", "@firebase/installations": "0.6.22", "@firebase/installations-compat": "0.2.22", "@firebase/messaging": "0.13.0", "@firebase/messaging-compat": "0.2.27", "@firebase/performance": "0.7.12", "@firebase/performance-compat": "0.2.25", "@firebase/remote-config": "0.8.5", "@firebase/remote-config-compat": "0.2.26", "@firebase/storage": "0.14.3", "@firebase/storage-compat": "0.4.3", "@firebase/util": "1.15.1" } }, "sha512-p0YTLcRSTiBXMx9sGr4ZNSfLjc/RVBEw4C/TXjVMtw65+6E1Pbm47UY3F4/AqRoDobEcNX3gsbPGy7jPjxbgSQ=="],

    "framer-motion": ["framer-motion@12.42.2", "", { "dependencies": { "motion-dom": "^12.42.2", "motion-utils": "^12.39.0", "tslib": "^2.4.0" }, "peerDependencies": { "@emotion/is-prop-valid": "*", "react": "^18.0.0 || ^19.0.0", "react-dom": "^18.0.0 || ^19.0.0" }, "optionalPeers": ["@emotion/is-prop-valid"] }, "sha512-5XY9luDiu0oHfHBjpDthFMh0ES+122w6p/papSJBweMkO8Sn+PW2QaEgRblQBpWFnuvZS5qvarpt/hO2pjGmnw=="],

    "get-caller-file": ["get-caller-file@2.0.5", "", {}, "sha512-DyFP3BM/3YHTQOCUL/w0OZHR0lpKeGrxotcHWcqNEdnltqFwXVfhEBQ94eIo34AfQpo0rGki4cyIiftY06h2Fg=="],

    "graceful-fs": ["graceful-fs@4.2.11", "", {}, "sha512-RbJ5/jmFcNNCcDV5o9eTnBLJ/HszWV0P73bc+Ff4nS/rJj+YaS6IGyiOL0VoBYX+l1Wrl3k63h/KrH+nhJ0XvQ=="],

    "http-parser-js": ["http-parser-js@0.5.10", "", {}, "sha512-Pysuw9XpUq5dVc/2SMHpuTY01RFl8fttgcyunjL7eEMhGM3cI4eOmiCycJDVCo/7O7ClfQD3SaI6ftDzqOXYMA=="],

    "idb": ["idb@7.1.1", "", {}, "sha512-gchesWBzyvGHRO9W8tzUWFDycow5gwjvFKfyV9FF32Y7F50yZMp7mP+T2mJIWFx49zicqyC4uefHM17o6xKIVQ=="],

    "is-fullwidth-code-point": ["is-fullwidth-code-point@3.0.0", "", {}, "sha512-zymm5+u+sCsSWyD9qNaejV3DFvhCKclKdizYaJUuHA83RLjb7nSuGnddCHGv0hk+KY7BMAlsWeK4Ueg6EV6XQg=="],

    "jiti": ["jiti@2.7.0", "", { "bin": "lib/jiti-cli.mjs" }, "sha512-AC/7JofJvZGrrneWNaEnJeOLUx+JlGt7tNa0wZiRPT4MY1wmfKjt2+6O2p2uz2+skll8OZZmJMNqeke7kKbNgQ=="],

    "lenis": ["lenis@1.3.23", "", { "peerDependencies": { "@nuxt/kit": ">=3.0.0", "react": ">=17.0.0", "vue": ">=3.0.0" }, "optionalPeers": ["@nuxt/kit", "vue"] }, "sha512-YxYq3TJqj9sJNv0V9SkyQHejt14xwyIwgDaaMK89Uf9SxQfIszu+gTQSSphh6BWlLTNVKvvXAGkg+Zf+oFIevg=="],

    "lightningcss": ["lightningcss@1.32.0", "", { "dependencies": { "detect-libc": "^2.0.3" }, "optionalDependencies": { "lightningcss-linux-x64-gnu": "1.32.0", "lightningcss-linux-x64-musl": "1.32.0" } }, "sha512-NXYBzinNrblfraPGyrbPoD19C1h9lfI/1mzgWYvXUTe414Gz/X1FD2XBZSZM7rRTrMA8JL3OtAaGifrIKhQ5yQ=="],

    "lightningcss-linux-x64-gnu": ["lightningcss-linux-x64-gnu@1.32.0", "", { "os": "linux", "cpu": "x64" }, "sha512-V7Qr52IhZmdKPVr+Vtw8o+WLsQJYCTd8loIfpDaMRWGUZfBOYEJeyJIkqGIDMZPwPx24pUMfwSxxI8phr/MbOA=="],

    "lightningcss-linux-x64-musl": ["lightningcss-linux-x64-musl@1.32.0", "", { "os": "linux", "cpu": "x64" }, "sha512-bYcLp+Vb0awsiXg/80uCRezCYHNg1/l3mt0gzHnWV9XP1W5sKa5/TCdGWaR/zBM2PeF/HbsQv/j2URNOiVuxWg=="],

    "lodash.camelcase": ["lodash.camelcase@4.3.0", "", {}, "sha512-TwuEnCnxbc3rAvhf/LbG7tJUDzhqXyFnv3dtzLOPgCG/hODL7WFnsbwktkD7yUV0RrreP/l1PALq/YSg6VvjlA=="],

    "long": ["long@5.3.2", "", {}, "sha512-mNAgZ1GmyNhD7AuqnTG3/VQ26o760+ZYBPKjPvugO8+nLbYfX6TVpJPseBvopbdY+qpZ/lKUnmEc1LeZYS3QAA=="],

    "lucide-react": ["lucide-react@1.25.0", "", { "peerDependencies": { "react": "^16.5.1 || ^17.0.0 || ^18.0.0 || ^19.0.0" } }, "sha512-/mdJTRbiwcLOQ1NZZK1amZF9rIZyvO18D6r9TngE6TG1NmqHgFuT4eE7Xrkm9UsXMbBJD1NlfwHVltCDWHrOTw=="],

    "magic-string": ["magic-string@0.30.21", "", { "dependencies": { "@jridgewell/sourcemap-codec": "^1.5.5" } }, "sha512-vd2F4YUyEXKGcLHoq+TEyCjxueSeHnFxyyjNp80yg0XV4vUhnDer/lvvlqM/arB5bXQN5K2/3oinyCRyx8T2CQ=="],

    "motion-dom": ["motion-dom@12.42.2", "", { "dependencies": { "motion-utils": "^12.39.0" } }, "sha512-5gIMWLp/PycBtJRJWRgjxke5n8dlvkSn2DrYW+tr3XcqAZY1xZh6BJyooJXCM8wdfM7wfMjkBJNLge1CKPUIRA=="],

    "motion-utils": ["motion-utils@12.39.0", "", {}, "sha512-8nadJAJjTtqRkmRF36FoJTrywK9nnFmnPwnSMyxaOCU7GDjN9RTMJIxx9De8ErM+vpPhMccr/6fo5WciyQLnMQ=="],

    "nanoid": ["nanoid@3.3.12", "", { "bin": "bin/nanoid.cjs" }, "sha512-ZB9RH/39qpq5Vu6Y+NmUaFhQR6pp+M2Xt76XBnEwDaGcVAqhlvxrl3B2bKS5D3NH3QR76v3aSrKaF/Kiy7lEtQ=="],

    "next": ["next@16.2.10", "", { "dependencies": { "@next/env": "16.2.10", "@swc/helpers": "0.5.15", "baseline-browser-mapping": "^2.9.19", "caniuse-lite": "^1.0.30001579", "postcss": "8.4.31", "styled-jsx": "5.1.6" }, "optionalDependencies": { "@next/swc-darwin-arm64": "16.2.10", "@next/swc-darwin-x64": "16.2.10", "@next/swc-linux-arm64-gnu": "16.2.10", "@next/swc-linux-arm64-musl": "16.2.10", "@next/swc-linux-x64-gnu": "16.2.10", "@next/swc-linux-x64-musl": "16.2.10", "@next/swc-win32-arm64-msvc": "16.2.10", "@next/swc-win32-x64-msvc": "16.2.10", "sharp": "^0.34.5" }, "peerDependencies": { "@opentelemetry/api": "^1.1.0", "@playwright/test": "^1.51.1", "babel-plugin-react-compiler": "*", "react": "^18.2.0 || 19.0.0-rc-de68d2f4-20241204 || ^19.0.0", "react-dom": "^18.2.0 || 19.0.0-rc-de68d2f4-20241204 || ^19.0.0", "sass": "^1.3.0" }, "optionalPeers": ["@opentelemetry/api", "@playwright/test", "babel-plugin-react-compiler", "sass"], "bin": "dist/bin/next" }, "sha512-2som5AVXb3kE6Yjine3/mNbBayYF58eguBWIVVUdr1y/L426xyVEgYxgBG+1QC34P2x5E+tcDup6XkuOAX3dCA=="],

    "picocolors": ["picocolors@1.1.1", "", {}, "sha512-xceH2snhtb5M9liqDsmEw56le376mTZkEX/jEb/RxNFyegNul7eNslCXP9FDj/Lcu0X8KEyMceP2ntpaHrDEVA=="],

    "postcss": ["postcss@8.5.18", "", { "dependencies": { "nanoid": "^3.3.12", "picocolors": "^1.1.1", "source-map-js": "^1.2.1" } }, "sha512-xdB1oSLHbz1vRWgCDalrCqEFTWzFlhqFC5tIHLMOSUIjhm3XXQ1qrFy8S/ESr1JYRRXqM3c1QFiMZUJdUTqyMQ=="],

    "protobufjs": ["protobufjs@7.6.4", "", { "dependencies": { "@protobufjs/aspromise": "^1.1.2", "@protobufjs/base64": "^1.1.2", "@protobufjs/codegen": "^2.0.5", "@protobufjs/eventemitter": "^1.1.1", "@protobufjs/fetch": "^1.1.1", "@protobufjs/float": "^1.0.2", "@protobufjs/path": "^1.1.2", "@protobufjs/pool": "^1.1.0", "@protobufjs/utf8": "^1.1.1", "@types/node": ">=13.7.0", "long": "^5.3.2" } }, "sha512-RJJPTTpvFfHcWLkIa2JFWK4XvtSzS0yEWDmunqHXli1h3JlkbcQZXDZdcWxv+JK3Xsl5/UFDPZ0iGm7DAengYw=="],

    "re2js": ["re2js@0.4.3", "", {}, "sha512-EuNmh7jurhHEE8Ge/lBo9JuMLb3qf866Xjjfyovw3wPc7+hlqDkZq4LwhrCQMEI+ARWfrKrHozEndzlpNT0WDg=="],

    "react": ["react@19.2.7", "", {}, "sha512-HNe9WslTbXmFK8o8cmwgAeJFSBvt1bPdHCVKtaaV+WlAN36mpT4hcRpwbf3fY56ar2oIXzsBpOAiIRHAdY0OlQ=="],

    "react-dom": ["react-dom@19.2.7", "", { "dependencies": { "scheduler": "^0.27.0" }, "peerDependencies": { "react": "^19.2.7" } }, "sha512-t0BRVXvbiE/o20Hfw669rLbMCDWtYZLvmJigy2f0MxsXF+71pxhR3xOkspmsO8h3ZlNzyibAmtCa3l4lYKk6gQ=="],

    "require-directory": ["require-directory@2.1.1", "", {}, "sha512-fGxEI7+wsG9xrvdjsrlmL22OMTTiHRwAMroiEeMgq8gzoLC/PQr7RsRDSTLUg/bZAZtF+TVIkHc6/4RIKrui+Q=="],

    "safe-buffer": ["safe-buffer@5.2.1", "", {}, "sha512-rp3So07KcdmmKbGvgaNxQSJr7bGVSVk5S9Eq1F+ppbRo70+YeaDxkw5Dd8NPN+GD6bjnYm2VuPuCXmpuYvmCXQ=="],

    "scheduler": ["scheduler@0.27.0", "", {}, "sha512-eNv+WrVbKu1f3vbYJT/xtiF5syA5HPIMtf9IgY/nKg0sWqzAUEvqY/xm7OcZc/qafLx/iO9FgOmeSAp4v5ti/Q=="],

    "semver": ["semver@7.8.5", "", { "bin": "bin/semver.js" }, "sha512-Y7/KDsb8LjooZpwaqGyulO6DQlksgCncchHGk+sZIY4SBvUocMBEFH5Ur1fI4dV+Jvl0w6cjvucaIi40puRioA=="],

    "sharp": ["sharp@0.34.5", "", { "dependencies": { "@img/colour": "^1.0.0", "detect-libc": "^2.1.2", "semver": "^7.7.3" }, "optionalDependencies": { "@img/sharp-darwin-arm64": "0.34.5", "@img/sharp-darwin-x64": "0.34.5", "@img/sharp-libvips-darwin-arm64": "1.2.4", "@img/sharp-libvips-darwin-x64": "1.2.4", "@img/sharp-libvips-linux-arm": "1.2.4", "@img/sharp-libvips-linux-arm64": "1.2.4", "@img/sharp-libvips-linux-ppc64": "1.2.4", "@img/sharp-libvips-linux-riscv64": "1.2.4", "@img/sharp-libvips-linux-s390x": "1.2.4", "@img/sharp-libvips-linux-x64": "1.2.4", "@img/sharp-libvips-linuxmusl-arm64": "1.2.4", "@img/sharp-libvips-linuxmusl-x64": "1.2.4", "@img/sharp-linux-arm": "0.34.5", "@img/sharp-linux-arm64": "0.34.5", "@img/sharp-linux-ppc64": "0.34.5", "@img/sharp-linux-riscv64": "0.34.5", "@img/sharp-linux-s390x": "0.34.5", "@img/sharp-linux-x64": "0.34.5", "@img/sharp-linuxmusl-arm64": "0.34.5", "@img/sharp-linuxmusl-x64": "0.34.5", "@img/sharp-wasm32": "0.34.5", "@img/sharp-win32-arm64": "0.34.5", "@img/sharp-win32-ia32": "0.34.5", "@img/sharp-win32-x64": "0.34.5" } }, "sha512-Ou9I5Ft9WNcCbXrU9cMgPBcCK8LiwLqcbywW3t4oDV37n1pzpuNLsYiAV8eODnjbtQlSDwZ2cUEeQz4E54Hltg=="],

    "source-map-js": ["source-map-js@1.2.1", "", {}, "sha512-UXWMKhLOwVKb728IUtQPXxfYU+usdybtUrK/8uGE8CQMvrhOpwvzDBwj0QhSL7MQc7vIsISBG8VQ8+IDQxpfQA=="],

    "string-width": ["string-width@4.2.3", "", { "dependencies": { "emoji-regex": "^8.0.0", "is-fullwidth-code-point": "^3.0.0", "strip-ansi": "^6.0.1" } }, "sha512-wKyQRQpjJ0sIp62ErSZdGsjMJWsap5oRNihHhu6G7JVO/9jIB6UyevL+tXuOqrng8j/cxKTWyWUwvSTriiZz/g=="],

    "strip-ansi": ["strip-ansi@6.0.1", "", { "dependencies": { "ansi-regex": "^5.0.1" } }, "sha512-Y38VPSHcqkFrCpFnQ9vuSXmquuv5oXOKpGeT6aGrr3o3Gc9AlVa6JBfUSOCnbxGGZF+/0ooI7KrPuUSztUdU5A=="],

    "styled-jsx": ["styled-jsx@5.1.6", "", { "dependencies": { "client-only": "0.0.1" }, "peerDependencies": { "react": ">= 16.8.0 || 17.x.x || ^18.0.0-0 || ^19.0.0-0" } }, "sha512-qSVyDTeMotdvQYoHWLNGwRFJHC+i+ZvdBRYosOFgC+Wg1vx4frN2/RG/NA7SYqqvKNLf39P2LSRA2pu6n0XYZA=="],

    "tailwind-merge": ["tailwind-merge@3.6.0", "", {}, "sha512-uxL7qAVQriqRQPAyK3pj66VqskWqoZ37PW94jwOTwNfq/z9oyu1V+eqrZqtR2+fCiXdYOZe/Modt8GtvqNzu+w=="],

    "tailwindcss": ["tailwindcss@4.3.0", "", {}, "sha512-y6nxMGB1nMW9R6k96e5gdIFzcfL/gTJRNaqGes1YvkLnPVXzWgbqFF2yLC0T8G774n24cx3Pe8XrKoniCOAH+Q=="],

    "tapable": ["tapable@2.3.3", "", {}, "sha512-uxc/zpqFg6x7C8vOE7lh6Lbda8eEL9zmVm/PLeTPBRhh1xCgdWaQ+J1CUieGpIfm2HdtsUpRv+HshiasBMcc6A=="],

    "tslib": ["tslib@2.8.1", "", {}, "sha512-oJFu94HQb+KVduSUQL7wnpmqnfmLsOA/nAh6b6EH0wCEoK0/mPeXU6c3wKDV83MkOuHPRHtSXKKU99IBazS/2w=="],

    "tw-animate-css": ["tw-animate-css@1.4.0", "", {}, "sha512-7bziOlRqH0hJx80h/3mbicLW7o8qLsH5+RaLR2t+OHM3D0JlWGODQKQ4cxbK7WlvmUxpcj6Kgu6EKqjrGFe3QQ=="],

    "typescript": ["typescript@5.7.3", "", { "bin": { "tsc": "bin/tsc", "tsserver": "bin/tsserver" } }, "sha512-84MVSjMEHP+FQRPy3pX9sTVV/INIex71s9TL2Gm5FG/WG1SqXeKyZ0k7/blY/4FdOzI12CBy1vGc4og/eus0fw=="],

    "undici-types": ["undici-types@7.18.2", "", {}, "sha512-AsuCzffGHJybSaRrmr5eHr81mwJU3kjw6M+uprWvCXiNeN9SOGwQ3Jn8jb8m3Z6izVgknn1R0FTCEAP2QrLY/w=="],

    "web-vitals": ["web-vitals@4.2.4", "", {}, "sha512-r4DIlprAGwJ7YM11VZp4R884m0Vmgr6EAKe3P+kO0PPj3Unqyvv59rczf6UiGcb9Z8QxZVcqKNwv/g0WNdWwsw=="],

    "websocket-driver": ["websocket-driver@0.7.5", "", { "dependencies": { "http-parser-js": ">=0.5.1", "safe-buffer": ">=5.1.0", "websocket-extensions": ">=0.1.1" } }, "sha512-ZL2+3c7kMBdIRCMz6l8jQMHyGVxj+UL+xVk74Ombiciboca8rHa15L86B19E5oh1pL9Ii/uj54gtsIrZGMo6zA=="],

    "websocket-extensions": ["websocket-extensions@0.1.4", "", {}, "sha512-OqedPIGOfsDlo31UNwYbCFMSaO9m9G/0faIHj5/dZFDMFqPTcx6UwqyOy3COEaEOg/9VsGIpdqn62W5KhoKSpg=="],

    "wrap-ansi": ["wrap-ansi@7.0.0", "", { "dependencies": { "ansi-styles": "^4.0.0", "string-width": "^4.1.0", "strip-ansi": "^6.0.0" } }, "sha512-YVGIj2kamLSTxw6NsZjoBxfSwsn0ycdesmc4p+Q21c5zPuZ1pl+NfxVdxPtdHvmNVOQ6XSYG4AUtyt/Fi7D16Q=="],

    "y18n": ["y18n@5.0.8", "", {}, "sha512-0pfFzegeDWJHJIAmTLRP2DwHjdF5s7jo9tuztdQxAhINCdvS+3nGINqPd00AphqJR/0LhANUS6/+7SCb98YOfA=="],

    "yargs": ["yargs@17.7.3", "", { "dependencies": { "cliui": "^8.0.1", "escalade": "^3.1.1", "get-caller-file": "^2.0.5", "require-directory": "^2.1.1", "string-width": "^4.2.3", "y18n": "^5.0.5", "yargs-parser": "^21.1.1" } }, "sha512-GZtjxm/J/4TSxuL3FNYjCmLktBTnIw/rVmKSIyKeYAZpmJB2ig9VauCC5xsa82GNKVKDAqpOn3KVzNt0zmrU0g=="],

    "yargs-parser": ["yargs-parser@21.1.1", "", {}, "sha512-tVpsJW7DdjecAiFpbIB1e3qxIQsE6NoPc5/eTdrbbIC4h0LVsWhnoa3g+m2HclBIujHzsxZ4VJVA+GUuc2/LBw=="],

    "next/postcss": ["postcss@8.4.31", "", { "dependencies": { "nanoid": "^3.3.6", "picocolors": "^1.0.0", "source-map-js": "^1.0.2" } }, "sha512-PS08Iboia9mts/2ygV3eLpY5ghnUcfLV/EXTOW1E2qYxJKGGBUtNjN76FYHnMs36RmARn41bC0AZmn+rR0OVpQ=="],
  }
}
